// !$*UTF8*$!
{
	archiveVersion = 1;
	classes = {
	};
	objectVersion = 77;
	objects = {

/* Begin PBXBuildFile section */
		8853815D2F20AF610085DD8B /* AppDelegate.swift in Sources */ = {isa = PBXBuildFile; fileRef = 885381532F20AF610085DD8B /* AppDelegate.swift */; };
		8853815E2F20AF610085DD8B /* Effective_Mobile.xcdatamodeld in Sources */ = {isa = PBXBuildFile; fileRef = 885381552F20AF610085DD8B /* Effective_Mobile.xcdatamodeld */; };
		8853815F2F20AF610085DD8B /* SceneDelegate.swift in Sources */ = {isa = PBXBuildFile; fileRef = 885381592F20AF610085DD8B /* SceneDelegate.swift */; };
		885381602F20AF610085DD8B /* Assets.xcassets in Resources */ = {isa = PBXBuildFile; fileRef = 885381542F20AF610085DD8B /* Assets.xcassets */; };
		885381622F20AF610085DD8B /* LaunchScreen.storyboard in Resources */ = {isa = PBXBuildFile; fileRef = 885381582F20AF610085DD8B /* LaunchScreen.storyboard */; };
		885381642F20B2260085DD8B /* ToDoEntity.swift in Sources */ = {isa = PBXBuildFile; fileRef = 885381632F20B2260085DD8B /* ToDoEntity.swift */; };
		885381662F20B28A0085DD8B /* ToDoInteractor.swift in Sources */ = {isa = PBXBuildFile; fileRef = 885381652F20B28A0085DD8B /* ToDoInteractor.swift */; };
		885381682F20B2CB0085DD8B /* MainViewControllerPresenter.swift in Sources */ = {isa = PBXBuildFile; fileRef = 885381672F20B2CB0085DD8B /* MainViewControllerPresenter.swift */; };
		8853816A2F20B2D90085DD8B /* DetainViewControllerPresenter.swift in Sources */ = {isa = PBXBuildFile; fileRef = 885381692F20B2D90085DD8B /* DetainViewControllerPresenter.swift */; };
		8853816E2F20B2FB0085DD8B /* DetailViewController.swift in Sources */ = {isa = PBXBuildFile; fileRef = 8853816D2F20B2FB0085DD8B /* DetailViewController.swift */; };
		885381702F20B3300085DD8B /* UserRouter.swift in Sources */ = {isa = PBXBuildFile; fileRef = 8853816F2F20B3300085DD8B /* UserRouter.swift */; };
		885381732F20B9CD0085DD8B /* ToDoListCell.swift in Sources */ = {isa = PBXBuildFile; fileRef = 885381722F20B9CD0085DD8B /* ToDoListCell.swift */; };
		886919D72F20FD300022DA44 /* MainViewController.swift in Sources */ = {isa = PBXBuildFile; fileRef = 886919D52F20FD300022DA44 /* MainViewController.swift */; };
		88BFD4692F21FBE60018FE36 /* MainVC+TableViewDS+Delegate.swift in Sources */ = {isa = PBXBuildFile; fileRef = 88BFD4682F21FBE60018FE36 /* MainVC+TableViewDS+Delegate.swift */; };
		88BFD46B2F220B290018FE36 /* MainVC+SearchBar.swift in Sources */ = {isa = PBXBuildFile; fileRef = 88BFD46A2F220B290018FE36 /* MainVC+SearchBar.swift */; };
/* End PBXBuildFile section */

/* Begin PBXFileReference section */
		8853812D2F20AD730085DD8B /* Effective Mobile.app */ = {isa = PBXFileReference; explicitFileType = wrapper.application; includeInIndex = 0; path = "Effective Mobile.app"; sourceTree = BUILT_PRODUCTS_DIR; };
		885381532F20AF610085DD8B /* AppDelegate.swift */ = {isa = PBXFileReference; lastKnownFileType = sourcecode.swift; path = AppDelegate.swift; sourceTree = "<group>"; };
		885381542F20AF610085DD8B /* Assets.xcassets */ = {isa = PBXFileReference; lastKnownFileType = folder.assetcatalog; path = Assets.xcassets; sourceTree = "<group>"; };
		885381562F20AF610085DD8B /* Info.plist */ = {isa = PBXFileReference; lastKnownFileType = text.plist.xml; path = Info.plist; sourceTree = "<group>"; };
		885381572F20AF610085DD8B /* Base */ = {isa = PBXFileReference; lastKnownFileType = file.storyboard; name = Base; path = Base.lproj/LaunchScreen.storyboard; sourceTree = "<group>"; };
		885381592F20AF610085DD8B /* SceneDelegate.swift */ = {isa = PBXFileReference; lastKnownFileType = sourcecode.swift; path = SceneDelegate.swift; sourceTree = "<group>"; };
		8853815B2F20AF610085DD8B /* Effective_Mobile.xcdatamodel */ = {isa = PBXFileReference; lastKnownFileType = wrapper.xcdatamodel; path = Effective_Mobile.xcdatamodel; sourceTree = "<group>"; };
		885381632F20B2260085DD8B /* ToDoEntity.swift */ = {isa = PBXFileReference; lastKnownFileType = sourcecode.swift; path = ToDoEntity.swift; sourceTree = "<group>"; };
		885381652F20B28A0085DD8B /* ToDoInteractor.swift */ = {isa = PBXFileReference; lastKnownFileType = sourcecode.swift; path = ToDoInteractor.swift; sourceTree = "<group>"; };
		885381672F20B2CB0085DD8B /* MainViewControllerPresenter.swift */ = {isa = PBXFileReference; lastKnownFileType = sourcecode.swift; path = MainViewControllerPresenter.swift; sourceTree = "<group>"; };
		885381692F20B2D90085DD8B /* DetainViewControllerPresenter.swift */ = {isa = PBXFileReference; lastKnownFileType = sourcecode.swift; path = DetainViewControllerPresenter.swift; sourceTree = "<group>"; };
		8853816D2F20B2FB0085DD8B /* DetailViewController.swift */ = {isa = PBXFileReference; lastKnownFileType = sourcecode.swift; path = DetailViewController.swift; sourceTree = "<group>"; };
		8853816F2F20B3300085DD8B /* UserRouter.swift */ = {isa = PBXFileReference; lastKnownFileType = sourcecode.swift; path = UserRouter.swift; sourceTree = "<group>"; };
		885381722F20B9CD0085DD8B /* ToDoListCell.swift */ = {isa = PBXFileReference; lastKnownFileType = sourcecode.swift; path = ToDoListCell.swift; sourceTree = "<group>"; };
		886919D52F20FD300022DA44 /* MainViewController.swift */ = {isa = PBXFileReference; lastKnownFileType = sourcecode.swift; path = MainViewController.swift; sourceTree = "<group>"; };
		88BFD4682F21FBE60018FE36 /* MainVC+TableViewDS+Delegate.swift */ = {isa = PBXFileReference; lastKnownFileType = sourcecode.swift; path = "MainVC+TableViewDS+Delegate.swift"; sourceTree = "<group>"; };
		88BFD46A2F220B290018FE36 /* MainVC+SearchBar.swift */ = {isa = PBXFileReference; lastKnownFileType = sourcecode.swift; path = "MainVC+SearchBar.swift"; sourceTree = "<group>"; };
/* End PBXFileReference section */

/* Begin PBXFrameworksBuildPhase section */
		8853812A2F20AD730085DD8B /* Frameworks */ = {
			isa = PBXFrameworksBuildPhase;
			buildActionMask = 2147483647;
			files = (
			);
			runOnlyForDeploymentPostprocessing = 0;
		};
/* End PBXFrameworksBuildPhase section */

/* Begin PBXGroup section */
		885381242F20AD730085DD8B = {
			isa = PBXGroup;
			children = (
				8853815A2F20AF610085DD8B /* Effective Mobile */,
				8853812E2F20AD730085DD8B /* Products */,
			);
			sourceTree = "<group>";
		};
		8853812E2F20AD730085DD8B /* Products */ = {
			isa = PBXGroup;
			children = (
				8853812D2F20AD730085DD8B /* Effective Mobile.app */,
			);
			name = Products;
			sourceTree = "<group>";
		};
		8853814D2F20AF610085DD8B /* Entity */ = {
			isa = PBXGroup;
			children = (
				885381632F20B2260085DD8B /* ToDoEntity.swift */,
			);
			path = Entity;
			sourceTree = "<group>";
		};
		8853814E2F20AF610085DD8B /* Interactor */ = {
			isa = PBXGroup;
			children = (
				885381652F20B28A0085DD8B /* ToDoInteractor.swift */,
			);
			path = Interactor;
			sourceTree = "<group>";
		};
		8853814F2F20AF610085DD8B /* Presenter */ = {
			isa = PBXGroup;
			children = (
				885381672F20B2CB0085DD8B /* MainViewControllerPresenter.swift */,
				885381692F20B2D90085DD8B /* DetainViewControllerPresenter.swift */,
			);
			path = Presenter;
			sourceTree = "<group>";
		};
		885381502F20AF610085DD8B /* Router */ = {
			isa = PBXGroup;
			children = (
				8853816F2F20B3300085DD8B /* UserRouter.swift */,
			);
			path = Router;
			sourceTree = "<group>";
		};
		885381522F20AF610085DD8B /* View */ = {
			isa = PBXGroup;
			children = (
				886919D62F20FD300022DA44 /* MainViewController */,
				8853816D2F20B2FB0085DD8B /* DetailViewController.swift */,
			);
			path = View;
			sourceTree = "<group>";
		};
		8853815A2F20AF610085DD8B /* Effective Mobile */ = {
			isa = PBXGroup;
			children = (
				885381712F20B8B70085DD8B /* Cell */,
				885381522F20AF610085DD8B /* View */,
				8853814E2F20AF610085DD8B /* Interactor */,
				8853814F2F20AF610085DD8B /* Presenter */,
				8853814D2F20AF610085DD8B /* Entity */,
				885381502F20AF610085DD8B /* Router */,
				885381532F20AF610085DD8B /* AppDelegate.swift */,
				885381542F20AF610085DD8B /* Assets.xcassets */,
				885381552F20AF610085DD8B /* Effective_Mobile.xcdatamodeld */,
				885381562F20AF610085DD8B /* Info.plist */,
				885381582F20AF610085DD8B /* LaunchScreen.storyboard */,
				885381592F20AF610085DD8B /* SceneDelegate.swift */,
			);
			path = "Effective Mobile";
			sourceTree = "<group>";
		};
		885381712F20B8B70085DD8B /* Cell */ = {
			isa = PBXGroup;
			children = (
				885381722F20B9CD0085DD8B /* ToDoListCell.swift */,
			);
			path = Cell;
			sourceTree = "<group>";
		};
		886919D62F20FD300022DA44 /* MainViewController */ = {
			isa = PBXGroup;
			children = (
				886919D52F20FD300022DA44 /* MainViewController.swift */,
				88BFD4682F21FBE60018FE36 /* MainVC+TableViewDS+Delegate.swift */,
				88BFD46A2F220B290018FE36 /* MainVC+SearchBar.swift */,
			);
			path = MainViewController;
			sourceTree = "<group>";
		};
/* End PBXGroup section */

/* Begin PBXNativeTarget section */
		8853812C2F20AD730085DD8B /* Effective Mobile */ = {
			isa = PBXNativeTarget;
			buildConfigurationList = 885381432F20AD750085DD8B /* Build configuration list for PBXNativeTarget "Effective Mobile" */;
			buildPhases = (
				885381292F20AD730085DD8B /* Sources */,
				8853812A2F20AD730085DD8B /* Frameworks */,
				8853812B2F20AD730085DD8B /* Resources */,
			);
			buildRules = (
			);
			dependencies = (
			);
			name = "Effective Mobile";
			packageProductDependencies = (
			);
			productName = "Effective Mobile";
			productReference = 8853812D2F20AD730085DD8B /* Effective Mobile.app */;
			productType = "com.apple.product-type.application";
		};
/* End PBXNativeTarget section */

/* Begin PBXProject section */
		885381252F20AD730085DD8B /* Project object */ = {
			isa = PBXProject;
			attributes = {
				BuildIndependentTargetsInParallel = 1;
				LastSwiftUpdateCheck = 2610;
				LastUpgradeCheck = 2610;
				TargetAttributes = {
					8853812C2F20AD730085DD8B = {
						CreatedOnToolsVersion = 26.1.1;
					};
				};
			};
			buildConfigurationList = 885381282F20AD730085DD8B /* Build configuration list for PBXProject "Effective Mobile" */;
			developmentRegion = en;
			hasScannedForEncodings = 0;
			knownRegions = (
				en,
				Base,
			);
			mainGroup = 885381242F20AD730085DD8B;
			minimizedProjectReferenceProxies = 1;
			preferredProjectObjectVersion = 77;
			productRefGroup = 8853812E2F20AD730085DD8B /* Products */;
			projectDirPath = "";
			projectRoot = "";
			targets = (
				8853812C2F20AD730085DD8B /* Effective Mobile */,
			);
		};
/* End PBXProject section */

/* Begin PBXResourcesBuildPhase section */
		8853812B2F20AD730085DD8B /* Resources */ = {
			isa = PBXResourcesBuildPhase;
			buildActionMask = 2147483647;
			files = (
				885381602F20AF610085DD8B /* Assets.xcassets in Resources */,
				885381622F20AF610085DD8B /* LaunchScreen.storyboard in Resources */,
			);
			runOnlyForDeploymentPostprocessing = 0;
		};
/* End PBXResourcesBuildPhase section */

/* Begin PBXSourcesBuildPhase section */
		885381292F20AD730085DD8B /* Sources */ = {
			isa = PBXSourcesBuildPhase;
			buildActionMask = 2147483647;
			files = (
				88BFD46B2F220B290018FE36 /* MainVC+SearchBar.swift in Sources */,
				8853816E2F20B2FB0085DD8B /* DetailViewController.swift in Sources */,
				886919D72F20FD300022DA44 /* MainViewController.swift in Sources */,
				885381682F20B2CB0085DD8B /* MainViewControllerPresenter.swift in Sources */,
				8853816A2F20B2D90085DD8B /* DetainViewControllerPresenter.swift in Sources */,
				8853815D2F20AF610085DD8B /* AppDelegate.swift in Sources */,
				885381642F20B2260085DD8B /* ToDoEntity.swift in Sources */,
				8853815E2F20AF610085DD8B /* Effective_Mobile.xcdatamodeld in Sources */,
				885381662F20B28A0085DD8B /* ToDoInteractor.swift in Sources */,
				8853815F2F20AF610085DD8B /* SceneDelegate.swift in Sources */,
				885381732F20B9CD0085DD8B /* ToDoListCell.swift in Sources */,
				885381702F20B3300085DD8B /* UserRouter.swift in Sources */,
				88BFD4692F21FBE60018FE36 /* MainVC+TableViewDS+Delegate.swift in Sources */,
			);
			runOnlyForDeploymentPostprocessing = 0;
		};
/* End PBXSourcesBuildPhase section */

/* Begin PBXVariantGroup section */
		885381582F20AF610085DD8B /* LaunchScreen.storyboard */ = {
			isa = PBXVariantGroup;
			children = (
				885381572F20AF610085DD8B /* Base */,
			);
			name = LaunchScreen.storyboard;
			sourceTree = "<group>";
		};
/* End PBXVariantGroup section */

/* Begin XCBuildConfiguration section */
		885381442F20AD750085DD8B /* Debug */ = {
			isa = XCBuildConfiguration;
			buildSettings = {
				ASSETCATALOG_COMPILER_APPICON_NAME = AppIcon;
				ASSETCATALOG_COMPILER_GLOBAL_ACCENT_COLOR_NAME = AccentColor;
				CODE_SIGN_STYLE = Automatic;
				CURRENT_PROJECT_VERSION = 1;
				DEVELOPMENT_TEAM = 94BBMDY9VT;
				GENERATE_INFOPLIST_FILE = YES;
				INFOPLIST_FILE = "Effective Mobile/Info.plist";
				INFOPLIST_KEY_UIApplicationSupportsIndirectInputEvents = YES;
				INFOPLIST_KEY_UILaunchStoryboardName = LaunchScreen;
				INFOPLIST_KEY_UIMainStoryboardFile = "";
				INFOPLIST_KEY_UISupportedInterfaceOrientations_iPad = "UIInterfaceOrientationPortrait UIInterfaceOrientationPortraitUpsideDown UIInterfaceOrientationLandscapeLeft UIInterfaceOrientationLandscapeRight";
				INFOPLIST_KEY_UISupportedInterfaceOrientations_iPhone = "UIInterfaceOrientationPortrait UIInterfaceOrientationLandscapeLeft UIInterfaceOrientationLandscapeRight";
				IPHONEOS_DEPLOYMENT_TARGET = 15.6;
				LD_RUNPATH_SEARCH_PATHS = (
					"$(inherited)",
					"@executable_path/Frameworks",
				);
				MARKETING_VERSION = 1.0;
				PRODUCT_BUNDLE_IDENTIFIER = "com.astimirMaryshev.Effective-Mobile";
				PRODUCT_NAME = "$(TARGET_NAME)";
				STRING_CATALOG_GENERATE_SYMBOLS = YES;
				SWIFT_APPROACHABLE_CONCURRENCY = YES;
				SWIFT_DEFAULT_ACTOR_ISOLATION = MainActor;
				SWIFT_EMIT_LOC_STRINGS = YES;
				SWIFT_UPCOMING_FEATURE_MEMBER_IMPORT_VISIBILITY = YES;
				SWIFT_VERSION = 5.0;
				TARGETED_DEVICE_FAMILY = "1,2";
			};
			name = Debug;
		};
		885381452F20AD750085DD8B /* Release */ = {
			isa = XCBuildConfiguration;
			buildSettings = {
				ASSETCATALOG_COMPILER_APPICON_NAME = AppIcon;
				ASSETCATALOG_COMPILER_GLOBAL_ACCENT_COLOR_NAME = AccentColor;
				CODE_SIGN_STYLE = Automatic;
				CURRENT_PROJECT_VERSION = 1;
				DEVELOPMENT_TEAM = 94BBMDY9VT;
				GENERATE_INFOPLIST_FILE = YES;
				INFOPLIST_FILE = "Effective Mobile/Info.plist";
				INFOPLIST_KEY_UIApplicationSupportsIndirectInputEvents = YES;
				INFOPLIST_KEY_UILaunchStoryboardName = LaunchScreen;
				INFOPLIST_KEY_UIMainStoryboardFile = "";
				INFOPLIST_KEY_UISupportedInterfaceOrientations_iPad = "UIInterfaceOrientationPortrait UIInterfaceOrientationPortraitUpsideDown UIInterfaceOrientationLandscapeLeft UIInterfaceOrientationLandscapeRight";
				INFOPLIST_KEY_UISupportedInterfaceOrientations_iPhone = "UIInterfaceOrientationPortrait UIInterfaceOrientationLandscapeLeft UIInterfaceOrientationLandscapeRight";
				IPHONEOS_DEPLOYMENT_TARGET = 15.6;
				LD_RUNPATH_SEARCH_PATHS = (
					"$(inherited)",
					"@executable_path/Frameworks",
				);
				MARKETING_VERSION = 1.0;
				PRODUCT_BUNDLE_IDENTIFIER = "com.astimirMaryshev.Effective-Mobile";
				PRODUCT_NAME = "$(TARGET_NAME)";
				STRING_CATALOG_GENERATE_SYMBOLS = YES;
				SWIFT_APPROACHABLE_CONCURRENCY = YES;
				SWIFT_DEFAULT_ACTOR_ISOLATION = MainActor;
				SWIFT_EMIT_LOC_STRINGS = YES;
				SWIFT_UPCOMING_FEATURE_MEMBER_IMPORT_VISIBILITY = YES;
				SWIFT_VERSION = 5.0;
				TARGETED_DEVICE_FAMILY = "1,2";
			};
			name = Release;
		};
		885381462F20AD750085DD8B /* Debug */ = {
			isa = XCBuildConfiguration;
			buildSettings = {
				ALWAYS_SEARCH_USER_PATHS = NO;
				ASSETCATALOG_COMPILER_GENERATE_SWIFT_ASSET_SYMBOL_EXTENSIONS = YES;
				CLANG_ANALYZER_NONNULL = YES;
				CLANG_ANALYZER_NUMBER_OBJECT_CONVERSION = YES_AGGRESSIVE;
				CLANG_CXX_LANGUAGE_STANDARD = "gnu++20";
				CLANG_ENABLE_MODULES = YES;
				CLANG_ENABLE_OBJC_ARC = YES;
				CLANG_ENABLE_OBJC_WEAK = YES;
				CLANG_WARN_BLOCK_CAPTURE_AUTORELEASING = YES;
				CLANG_WARN_BOOL_CONVERSION = YES;
				CLANG_WARN_COMMA = YES;
				CLANG_WARN_CONSTANT_CONVERSION = YES;
				CLANG_WARN_DEPRECATED_OBJC_IMPLEMENTATIONS = YES;
				CLANG_WARN_DIRECT_OBJC_ISA_USAGE = YES_ERROR;
				CLANG_WARN_DOCUMENTATION_COMMENTS = YES;
				CLANG_WARN_EMPTY_BODY = YES;
				CLANG_WARN_ENUM_CONVERSION = YES;
				CLANG_WARN_INFINITE_RECURSION = YES;
				CLANG_WARN_INT_CONVERSION = YES;
				CLANG_WARN_NON_LITERAL_NULL_CONVERSION = YES;
				CLANG_WARN_OBJC_IMPLICIT_RETAIN_SELF = YES;
				CLANG_WARN_OBJC_LITERAL_CONVERSION = YES;
				CLANG_WARN_OBJC_ROOT_CLASS = YES_ERROR;
				CLANG_WARN_QUOTED_INCLUDE_IN_FRAMEWORK_HEADER = YES;
				CLANG_WARN_RANGE_LOOP_ANALYSIS = YES;
				CLANG_WARN_STRICT_PROTOTYPES = YES;
				CLANG_WARN_SUSPICIOUS_MOVE = YES;
				CLANG_WARN_UNGUARDED_AVAILABILITY = YES_AGGRESSIVE;
				CLANG_WARN_UNREACHABLE_CODE = YES;
				CLANG_WARN__DUPLICATE_METHOD_MATCH = YES;
				COPY_PHASE_STRIP = NO;
				DEBUG_INFORMATION_FORMAT = dwarf;
				DEVELOPMENT_TEAM = 94BBMDY9VT;
				ENABLE_STRICT_OBJC_MSGSEND = YES;
				ENABLE_TESTABILITY = YES;
				ENABLE_USER_SCRIPT_SANDBOXING = YES;
				GCC_C_LANGUAGE_STANDARD = gnu17;
				GCC_DYNAMIC_NO_PIC = NO;
				GCC_NO_COMMON_BLOCKS = YES;
				GCC_OPTIMIZATION_LEVEL = 0;
				GCC_PREPROCESSOR_DEFINITIONS = (
					"DEBUG=1",
					"$(inherited)",
				);
				GCC_WARN_64_TO_32_BIT_CONVERSION = YES;
				GCC_WARN_ABOUT_RETURN_TYPE = YES_ERROR;
				GCC_WARN_UNDECLARED_SELECTOR = YES;
				GCC_WARN_UNINITIALIZED_AUTOS = YES_AGGRESSIVE;
				GCC_WARN_UNUSED_FUNCTION = YES;
				GCC_WARN_UNUSED_VARIABLE = YES;
				IPHONEOS_DEPLOYMENT_TARGET = 26.1;
				LOCALIZATION_PREFERS_STRING_CATALOGS = YES;
				MTL_ENABLE_DEBUG_INFO = INCLUDE_SOURCE;
				MTL_FAST_MATH = YES;
				ONLY_ACTIVE_ARCH = YES;
				SDKROOT = iphoneos;
				SWIFT_ACTIVE_COMPILATION_CONDITIONS = "DEBUG $(inherited)";
				SWIFT_OPTIMIZATION_LEVEL = "-Onone";
			};
			name = Debug;
		};
		885381472F20AD750085DD8B /* Release */ = {
			isa = XCBuildConfiguration;
			buildSettings = {
				ALWAYS_SEARCH_USER_PATHS = NO;
				ASSETCATALOG_COMPILER_GENERATE_SWIFT_ASSET_SYMBOL_EXTENSIONS = YES;
				CLANG_ANALYZER_NONNULL = YES;
				CLANG_ANALYZER_NUMBER_OBJECT_CONVERSION = YES_AGGRESSIVE;
				CLANG_CXX_LANGUAGE_STANDARD = "gnu++20";
				CLANG_ENABLE_MODULES = YES;
				CLANG_ENABLE_OBJC_ARC = YES;
				CLANG_ENABLE_OBJC_WEAK = YES;
				CLANG_WARN_BLOCK_CAPTURE_AUTORELEASING = YES;
				CLANG_WARN_BOOL_CONVERSION = YES;
				CLANG_WARN_COMMA = YES;
				CLANG_WARN_CONSTANT_CONVERSION = YES;
				CLANG_WARN_DEPRECATED_OBJC_IMPLEMENTATIONS = YES;
				CLANG_WARN_DIRECT_OBJC_ISA_USAGE = YES_ERROR;
				CLANG_WARN_DOCUMENTATION_COMMENTS = YES;
				CLANG_WARN_EMPTY_BODY = YES;
				CLANG_WARN_ENUM_CONVERSION = YES;
				CLANG_WARN_INFINITE_RECURSION = YES;
				CLANG_WARN_INT_CONVERSION = YES;
				CLANG_WARN_NON_LITERAL_NULL_CONVERSION = YES;
				CLANG_WARN_OBJC_IMPLICIT_RETAIN_SELF = YES;
				CLANG_WARN_OBJC_LITERAL_CONVERSION = YES;
				CLANG_WARN_OBJC_ROOT_CLASS = YES_ERROR;
				CLANG_WARN_QUOTED_INCLUDE_IN_FRAMEWORK_HEADER = YES;
				CLANG_WARN_RANGE_LOOP_ANALYSIS = YES;
				CLANG_WARN_STRICT_PROTOTYPES = YES;
				CLANG_WARN_SUSPICIOUS_MOVE = YES;
				CLANG_WARN_UNGUARDED_AVAILABILITY = YES_AGGRESSIVE;
				CLANG_WARN_UNREACHABLE_CODE = YES;
				CLANG_WARN__DUPLICATE_METHOD_MATCH = YES;
				COPY_PHASE_STRIP = NO;
				DEBUG_INFORMATION_FORMAT = "dwarf-with-dsym";
				DEVELOPMENT_TEAM = 94BBMDY9VT;
				ENABLE_NS_ASSERTIONS = NO;
				ENABLE_STRICT_OBJC_MSGSEND = YES;
				ENABLE_USER_SCRIPT_SANDBOXING = YES;
				GCC_C_LANGUAGE_STANDARD = gnu17;
				GCC_NO_COMMON_BLOCKS = YES;
				GCC_WARN_64_TO_32_BIT_CONVERSION = YES;
				GCC_WARN_ABOUT_RETURN_TYPE = YES_ERROR;
				GCC_WARN_UNDECLARED_SELECTOR = YES;
				GCC_WARN_UNINITIALIZED_AUTOS = YES_AGGRESSIVE;
				GCC_WARN_UNUSED_FUNCTION = YES;
				GCC_WARN_UNUSED_VARIABLE = YES;
				IPHONEOS_DEPLOYMENT_TARGET = 26.1;
				LOCALIZATION_PREFERS_STRING_CATALOGS = YES;
				MTL_ENABLE_DEBUG_INFO = NO;
				MTL_FAST_MATH = YES;
				SDKROOT = iphoneos;
				SWIFT_COMPILATION_MODE = wholemodule;
				VALIDATE_PRODUCT = YES;
			};
			name = Release;
		};
/* End XCBuildConfiguration section */

/* Begin XCConfigurationList section */
		885381282F20AD730085DD8B /* Build configuration list for PBXProject "Effective Mobile" */ = {
			isa = XCConfigurationList;
			buildConfigurations = (
				885381462F20AD750085DD8B /* Debug */,
				885381472F20AD750085DD8B /* Release */,
			);
			defaultConfigurationIsVisible = 0;
			defaultConfigurationName = Release;
		};
		885381432F20AD750085DD8B /* Build configuration list for PBXNativeTarget "Effective Mobile" */ = {
			isa = XCConfigurationList;
			buildConfigurations = (
				885381442F20AD750085DD8B /* Debug */,
				885381452F20AD750085DD8B /* Release */,
			);
			defaultConfigurationIsVisible = 0;
			defaultConfigurationName = Release;
		};
/* End XCConfigurationList section */

/* Begin XCVersionGroup section */
		885381552F20AF610085DD8B /* Effective_Mobile.xcdatamodeld */ = {
			isa = XCVersionGroup;
			children = (
				8853815B2F20AF610085DD8B /* Effective_Mobile.xcdatamodel */,
			);
			currentVersion = 8853815B2F20AF610085DD8B /* Effective_Mobile.xcdatamodel */;
			path = Effective_Mobile.xcdatamodeld;
			sourceTree = "<group>";
			versionGroupType = wrapper.xcdatamodel;
		};
/* End XCVersionGroup section */
	};
	rootObject = 885381252F20AD730085DD8B /* Project object */;
}
